
Microsoft Visual Studio Solution File, Format Version 12.00
# Visual Studio Version 17
VisualStudioVersion = 17.9.34616.47
MinimumVisualStudioVersion = 10.0.40219.1
Project("{FAE04EC0-301F-11D3-BF4B-00C04F79EFBC}") = "Membership", "Membership\Membership.csproj", "{263CFDCA-35FC-4CB3-A2D7-A5201F3E3B09}"
EndProject
Global
	GlobalSection(SolutionConfigurationPlatforms) = preSolution
		Debug|Any CPU = Debug|Any CPU
		Release|Any CPU = Release|Any CPU
	EndGlobalSection
	GlobalSection(ProjectConfigurationPlatforms) = postSolution
		{263CFDCA-35FC-4CB3-A2D7-A5201F3E3B09}.Debug|Any CPU.ActiveCfg = Debug|Any CPU
		{263CFDCA-35FC-4CB3-A2D7-A5201F3E3B09}.Debug|Any CPU.Build.0 = Debug|Any CPU
		{263CFDCA-35FC-4CB3-A2D7-A5201F3E3B09}.Release|Any CPU.ActiveCfg = Release|Any CPU
		{263CFDCA-35FC-4CB3-A2D7-A5201F3E3B09}.Release|Any CPU.Build.0 = Release|Any CPU
	EndGlobalSection
	GlobalSection(SolutionProperties) = preSolution
		HideSolutionNode = FALSE
	EndGlobalSection
	GlobalSection(ExtensibilityGlobals) = postSolution
		SolutionGuid = {58772670-F841-44DF-88AB-20DC8417446D}
	EndGlobalSection
EndGlobal
